
Microsoft Visual Studio Solution File, Format Version 11.00
# Visual Studio 2010
Project("{FAE04EC0-301F-11D3-BF4B-00C04F79EFBC}") = "Assembly-CSharp", "Assembly-CSharp.csproj", "{A108445C-F18B-CA5F-112C-C5A9016CC803}"
EndProject
Project("{FAE04EC0-301F-11D3-BF4B-00C04F79EFBC}") = "Assembly-CSharp-firstpass", "Assembly-CSharp-firstpass.csproj", "{A04833D9-091A-44D2-08FE-E380EBB84455}"
EndProject
Project("{FAE04EC0-301F-11D3-BF4B-00C04F79EFBC}") = "Assembly-CSharp-Editor-firstpass", "Assembly-CSharp-Editor-firstpass.csproj", "{9CE29D0A-6A1A-0173-D253-DB81BC20C051}"
EndProject
Project("{FAE04EC0-301F-11D3-BF4B-00C04F79EFBC}") = "Assembly-CSharp-Editor", "Assembly-CSharp-Editor.csproj", "{8FD16E04-7CF9-772E-1CD5-9E2971D56745}"
EndProject
Global
	GlobalSection(SolutionConfigurationPlatforms) = preSolution
		Debug|Any CPU = Debug|Any CPU
		Release|Any CPU = Release|Any CPU
	EndGlobalSection
	GlobalSection(ProjectConfigurationPlatforms) = postSolution
		{A108445C-F18B-CA5F-112C-C5A9016CC803}.Debug|Any CPU.ActiveCfg = Debug|Any CPU
		{A108445C-F18B-CA5F-112C-C5A9016CC803}.Debug|Any CPU.Build.0 = Debug|Any CPU
		{A108445C-F18B-CA5F-112C-C5A9016CC803}.Release|Any CPU.ActiveCfg = Release|Any CPU
		{A108445C-F18B-CA5F-112C-C5A9016CC803}.Release|Any CPU.Build.0 = Release|Any CPU
		{A04833D9-091A-44D2-08FE-E380EBB84455}.Debug|Any CPU.ActiveCfg = Debug|Any CPU
		{A04833D9-091A-44D2-08FE-E380EBB84455}.Debug|Any CPU.Build.0 = Debug|Any CPU
		{A04833D9-091A-44D2-08FE-E380EBB84455}.Release|Any CPU.ActiveCfg = Release|Any CPU
		{A04833D9-091A-44D2-08FE-E380EBB84455}.Release|Any CPU.Build.0 = Release|Any CPU
		{9CE29D0A-6A1A-0173-D253-DB81BC20C051}.Debug|Any CPU.ActiveCfg = Debug|Any CPU
		{9CE29D0A-6A1A-0173-D253-DB81BC20C051}.Debug|Any CPU.Build.0 = Debug|Any CPU
		{9CE29D0A-6A1A-0173-D253-DB81BC20C051}.Release|Any CPU.ActiveCfg = Release|Any CPU
		{9CE29D0A-6A1A-0173-D253-DB81BC20C051}.Release|Any CPU.Build.0 = Release|Any CPU
		{8FD16E04-7CF9-772E-1CD5-9E2971D56745}.Debug|Any CPU.ActiveCfg = Debug|Any CPU
		{8FD16E04-7CF9-772E-1CD5-9E2971D56745}.Debug|Any CPU.Build.0 = Debug|Any CPU
		{8FD16E04-7CF9-772E-1CD5-9E2971D56745}.Release|Any CPU.ActiveCfg = Release|Any CPU
		{8FD16E04-7CF9-772E-1CD5-9E2971D56745}.Release|Any CPU.Build.0 = Release|Any CPU
	EndGlobalSection
	GlobalSection(SolutionProperties) = preSolution
		HideSolutionNode = FALSE
	EndGlobalSection
EndGlobal
